
Microsoft Visual Studio Solution File, Format Version 12.00
# Visual Studio Version 17
VisualStudioVersion = 17.7.34202.233
MinimumVisualStudioVersion = 10.0.40219.1
Project("{FAE04EC0-301F-11D3-BF4B-00C04F79EFBC}") = "Hospital-Ovning", "Hospital-Ovning\Hospital-Ovning.csproj", "{00A3B5A8-B33F-43C0-AC4A-4364EE091B66}"
EndProject
Global
	GlobalSection(SolutionConfigurationPlatforms) = preSolution
		Debug|Any CPU = Debug|Any CPU
		Release|Any CPU = Release|Any CPU
	EndGlobalSection
	GlobalSection(ProjectConfigurationPlatforms) = postSolution
		{00A3B5A8-B33F-43C0-AC4A-4364EE091B66}.Debug|Any CPU.ActiveCfg = Debug|Any CPU
		{00A3B5A8-B33F-43C0-AC4A-4364EE091B66}.Debug|Any CPU.Build.0 = Debug|Any CPU
		{00A3B5A8-B33F-43C0-AC4A-4364EE091B66}.Release|Any CPU.ActiveCfg = Release|Any CPU
		{00A3B5A8-B33F-43C0-AC4A-4364EE091B66}.Release|Any CPU.Build.0 = Release|Any CPU
	EndGlobalSection
	GlobalSection(SolutionProperties) = preSolution
		HideSolutionNode = FALSE
	EndGlobalSection
	GlobalSection(ExtensibilityGlobals) = postSolution
		SolutionGuid = {34C41157-29CC-4E32-9754-B26EB6D1AC9D}
	EndGlobalSection
EndGlobal
